{
  "object": {
    "pins": [
      {
        "package": "SnapKit",
        "repositoryURL": "https://github.com/SnapKit/SnapKit",
        "state": {
          "branch": null,
          "revision": "d458564516e5676af9c70b4f4b2a9178294f1bc6",
          "version": "5.0.1"
        }
      },
      {
        "package": "TextAttributes",
        "repositoryURL": "https://github.com/delba/TextAttributes",
        "state": {
          "branch": "master",
          "revision": "febe1d7fcdb6ba764d9392bee14a6d3086c907d1",
          "version": null
        }
      }
    ]
  },
  "version": 1
}
